
Microsoft Visual Studio Solution File, Format Version 12.00
# Visual Studio Version 17
VisualStudioVersion = 17.10.35013.160
MinimumVisualStudioVersion = 10.0.40219.1
Project("{FAE04EC0-301F-11D3-BF4B-00C04F79EFBC}") = "Dankle", "Dankle\Dankle.csproj", "{ED79560D-A216-406A-A5B4-A781323DC964}"
EndProject
Global
	GlobalSection(SolutionConfigurationPlatforms) = preSolution
		Debug|Any CPU = Debug|Any CPU
		Release|Any CPU = Release|Any CPU
	EndGlobalSection
	GlobalSection(ProjectConfigurationPlatforms) = postSolution
		{ED79560D-A216-406A-A5B4-A781323DC964}.Debug|Any CPU.ActiveCfg = Debug|Any CPU
		{ED79560D-A216-406A-A5B4-A781323DC964}.Debug|Any CPU.Build.0 = Debug|Any CPU
		{ED79560D-A216-406A-A5B4-A781323DC964}.Release|Any CPU.ActiveCfg = Release|Any CPU
		{ED79560D-A216-406A-A5B4-A781323DC964}.Release|Any CPU.Build.0 = Release|Any CPU
	EndGlobalSection
	GlobalSection(SolutionProperties) = preSolution
		HideSolutionNode = FALSE
	EndGlobalSection
	GlobalSection(ExtensibilityGlobals) = postSolution
		SolutionGuid = {2D3A07FF-674C-4C84-A5B3-0DDA67AFFC33}
	EndGlobalSection
EndGlobal
